<?xml version="1.0" encoding="utf-8"?>
<Project ToolsVersion="4.0" xmlns="http://schemas.microsoft.com/developer/msbuild/2003">
  <ItemGroup>
    <ClCompile Include="glad.c" />
    <ClCompile Include="Main.cpp" />
    <ClCompile Include="OpenGlSample.cpp" />
    <ClCompile Include="Shadercpp.cpp" />
    <ClCompile Include="Texture.cpp" />
  </ItemGroup>
  <ItemGroup>
    <ClInclude Include="OpenGlSample.h" />
    <ClInclude Include="resource.h" />
    <ClInclude Include="shader.h" />
    <ClInclude Include="stb_image.h" />
    <ClInclude Include="Texture.h" />
    <ClInclude Include="camera.h" />
  </ItemGroup>
  <ItemGroup>
    <ResourceCompile Include="openglStudy.rc" />
  </ItemGroup>
  <ItemGroup>
    <Image Include="img\awesomeface.png" />
    <Image Include="img\container.jpg" />
    <Image Include="img\cow_12_8.jpg" />
  </ItemGroup>
  <ItemGroup>
    <None Include="glsl\cow\cowFragment.frag" />
    <None Include="glsl\cow\cowVertex.vert" />
    <None Include="glsl\fragment.frag" />
    <None Include="glsl\vertex.vert" />
  </ItemGroup>
</Project>